
Microsoft Visual Studio Solution File, Format Version 12.00
# Visual Studio Version 17
VisualStudioVersion = 17.0.31903.59
MinimumVisualStudioVersion = 10.0.40219.1
Project("{2150E333-8FDC-42A3-9474-1A3956D46DE8}") = "src", "src", "{827E0CD3-B72D-47B6-A68D-7590B98EB39B}"
EndProject
Project("{FAE04EC0-301F-11D3-BF4B-00C04F79EFBC}") = "DevOps.Core", "src\DevOps.Core\DevOps.Core.csproj", "{E83A0187-76F8-46DC-B9F0-89757148CC18}"
EndProject
Project("{FAE04EC0-301F-11D3-BF4B-00C04F79EFBC}") = "DevOps.Application", "src\DevOps.Application\DevOps.Application.csproj", "{DDA48FF1-94F3-4316-A322-45615424B28D}"
EndProject
Project("{FAE04EC0-301F-11D3-BF4B-00C04F79EFBC}") = "DevOps.Infrastructure", "src\DevOps.Infrastructure\DevOps.Infrastructure.csproj", "{0CAF4553-9278-4181-80B9-08F4CEE3CB3D}"
EndProject
Project("{FAE04EC0-301F-11D3-BF4B-00C04F79EFBC}") = "DevOps.AI", "src\DevOps.AI\DevOps.AI.csproj", "{A4BE4CA8-496C-4468-9458-C2A299C1F73E}"
EndProject
Project("{FAE04EC0-301F-11D3-BF4B-00C04F79EFBC}") = "DevOps.Api", "src\DevOps.Api\DevOps.Api.csproj", "{B30FE34A-EB74-45C2-B56D-9B79A6214D64}"
EndProject
Project("{FAE04EC0-301F-11D3-BF4B-00C04F79EFBC}") = "DevOps.Worker", "src\DevOps.Worker\DevOps.Worker.csproj", "{39741A4C-4179-4040-B3B9-454B65FE69B0}"
EndProject
Project("{2150E333-8FDC-42A3-9474-1A3956D46DE8}") = "tests", "tests", "{0AB3BF05-4346-4AA6-1389-037BE0695223}"
EndProject
Project("{FAE04EC0-301F-11D3-BF4B-00C04F79EFBC}") = "DevOps.UnitTests", "tests\DevOps.UnitTests\DevOps.UnitTests.csproj", "{0A1E36E8-C911-4BFB-AEBC-3807661BE545}"
EndProject
Project("{FAE04EC0-301F-11D3-BF4B-00C04F79EFBC}") = "DevOps.IntegrationTests", "tests\DevOps.IntegrationTests\DevOps.IntegrationTests.csproj", "{B0A7CA09-F994-49DE-87A5-07AEBEF55470}"
EndProject
Global
	GlobalSection(SolutionConfigurationPlatforms) = preSolution
		Debug|Any CPU = Debug|Any CPU
		Debug|x64 = Debug|x64
		Debug|x86 = Debug|x86
		Release|Any CPU = Release|Any CPU
		Release|x64 = Release|x64
		Release|x86 = Release|x86
	EndGlobalSection
	GlobalSection(ProjectConfigurationPlatforms) = postSolution
		{E83A0187-76F8-46DC-B9F0-89757148CC18}.Debug|Any CPU.ActiveCfg = Debug|Any CPU
		{E83A0187-76F8-46DC-B9F0-89757148CC18}.Debug|Any CPU.Build.0 = Debug|Any CPU
		{E83A0187-76F8-46DC-B9F0-89757148CC18}.Debug|x64.ActiveCfg = Debug|Any CPU
		{E83A0187-76F8-46DC-B9F0-89757148CC18}.Debug|x64.Build.0 = Debug|Any CPU
		{E83A0187-76F8-46DC-B9F0-89757148CC18}.Debug|x86.ActiveCfg = Debug|Any CPU
		{E83A0187-76F8-46DC-B9F0-89757148CC18}.Debug|x86.Build.0 = Debug|Any CPU
		{E83A0187-76F8-46DC-B9F0-89757148CC18}.Release|Any CPU.ActiveCfg = Release|Any CPU
		{E83A0187-76F8-46DC-B9F0-89757148CC18}.Release|Any CPU.Build.0 = Release|Any CPU
		{E83A0187-76F8-46DC-B9F0-89757148CC18}.Release|x64.ActiveCfg = Release|Any CPU
		{E83A0187-76F8-46DC-B9F0-89757148CC18}.Release|x64.Build.0 = Release|Any CPU
		{E83A0187-76F8-46DC-B9F0-89757148CC18}.Release|x86.ActiveCfg = Release|Any CPU
		{E83A0187-76F8-46DC-B9F0-89757148CC18}.Release|x86.Build.0 = Release|Any CPU
		{DDA48FF1-94F3-4316-A322-45615424B28D}.Debug|Any CPU.ActiveCfg = Debug|Any CPU
		{DDA48FF1-94F3-4316-A322-45615424B28D}.Debug|Any CPU.Build.0 = Debug|Any CPU
		{DDA48FF1-94F3-4316-A322-45615424B28D}.Debug|x64.ActiveCfg = Debug|Any CPU
		{DDA48FF1-94F3-4316-A322-45615424B28D}.Debug|x64.Build.0 = Debug|Any CPU
		{DDA48FF1-94F3-4316-A322-45615424B28D}.Debug|x86.ActiveCfg = Debug|Any CPU
		{DDA48FF1-94F3-4316-A322-45615424B28D}.Debug|x86.Build.0 = Debug|Any CPU
		{DDA48FF1-94F3-4316-A322-45615424B28D}.Release|Any CPU.ActiveCfg = Release|Any CPU
		{DDA48FF1-94F3-4316-A322-45615424B28D}.Release|Any CPU.Build.0 = Release|Any CPU
		{DDA48FF1-94F3-4316-A322-45615424B28D}.Release|x64.ActiveCfg = Release|Any CPU
		{DDA48FF1-94F3-4316-A322-45615424B28D}.Release|x64.Build.0 = Release|Any CPU
		{DDA48FF1-94F3-4316-A322-45615424B28D}.Release|x86.ActiveCfg = Release|Any CPU
		{DDA48FF1-94F3-4316-A322-45615424B28D}.Release|x86.Build.0 = Release|Any CPU
		{0CAF4553-9278-4181-80B9-08F4CEE3CB3D}.Debug|Any CPU.ActiveCfg = Debug|Any CPU
		{0CAF4553-9278-4181-80B9-08F4CEE3CB3D}.Debug|Any CPU.Build.0 = Debug|Any CPU
		{0CAF4553-9278-4181-80B9-08F4CEE3CB3D}.Debug|x64.ActiveCfg = Debug|Any CPU
		{0CAF4553-9278-4181-80B9-08F4CEE3CB3D}.Debug|x64.Build.0 = Debug|Any CPU
		{0CAF4553-9278-4181-80B9-08F4CEE3CB3D}.Debug|x86.ActiveCfg = Debug|Any CPU
		{0CAF4553-9278-4181-80B9-08F4CEE3CB3D}.Debug|x86.Build.0 = Debug|Any CPU
		{0CAF4553-9278-4181-80B9-08F4CEE3CB3D}.Release|Any CPU.ActiveCfg = Release|Any CPU
		{0CAF4553-9278-4181-80B9-08F4CEE3CB3D}.Release|Any CPU.Build.0 = Release|Any CPU
		{0CAF4553-9278-4181-80B9-08F4CEE3CB3D}.Release|x64.ActiveCfg = Release|Any CPU
		{0CAF4553-9278-4181-80B9-08F4CEE3CB3D}.Release|x64.Build.0 = Release|Any CPU
		{0CAF4553-9278-4181-80B9-08F4CEE3CB3D}.Release|x86.ActiveCfg = Release|Any CPU
		{0CAF4553-9278-4181-80B9-08F4CEE3CB3D}.Release|x86.Build.0 = Release|Any CPU
		{A4BE4CA8-496C-4468-9458-C2A299C1F73E}.Debug|Any CPU.ActiveCfg = Debug|Any CPU
		{A4BE4CA8-496C-4468-9458-C2A299C1F73E}.Debug|Any CPU.Build.0 = Debug|Any CPU
		{A4BE4CA8-496C-4468-9458-C2A299C1F73E}.Debug|x64.ActiveCfg = Debug|Any CPU
		{A4BE4CA8-496C-4468-9458-C2A299C1F73E}.Debug|x64.Build.0 = Debug|Any CPU
		{A4BE4CA8-496C-4468-9458-C2A299C1F73E}.Debug|x86.ActiveCfg = Debug|Any CPU
		{A4BE4CA8-496C-4468-9458-C2A299C1F73E}.Debug|x86.Build.0 = Debug|Any CPU
		{A4BE4CA8-496C-4468-9458-C2A299C1F73E}.Release|Any CPU.ActiveCfg = Release|Any CPU
		{A4BE4CA8-496C-4468-9458-C2A299C1F73E}.Release|Any CPU.Build.0 = Release|Any CPU
		{A4BE4CA8-496C-4468-9458-C2A299C1F73E}.Release|x64.ActiveCfg = Release|Any CPU
		{A4BE4CA8-496C-4468-9458-C2A299C1F73E}.Release|x64.Build.0 = Release|Any CPU
		{A4BE4CA8-496C-4468-9458-C2A299C1F73E}.Release|x86.ActiveCfg = Release|Any CPU
		{A4BE4CA8-496C-4468-9458-C2A299C1F73E}.Release|x86.Build.0 = Release|Any CPU
		{B30FE34A-EB74-45C2-B56D-9B79A6214D64}.Debug|Any CPU.ActiveCfg = Debug|Any CPU
		{B30FE34A-EB74-45C2-B56D-9B79A6214D64}.Debug|Any CPU.Build.0 = Debug|Any CPU
		{B30FE34A-EB74-45C2-B56D-9B79A6214D64}.Debug|x64.ActiveCfg = Debug|Any CPU
		{B30FE34A-EB74-45C2-B56D-9B79A6214D64}.Debug|x64.Build.0 = Debug|Any CPU
		{B30FE34A-EB74-45C2-B56D-9B79A6214D64}.Debug|x86.ActiveCfg = Debug|Any CPU
		{B30FE34A-EB74-45C2-B56D-9B79A6214D64}.Debug|x86.Build.0 = Debug|Any CPU
		{B30FE34A-EB74-45C2-B56D-9B79A6214D64}.Release|Any CPU.ActiveCfg = Release|Any CPU
		{B30FE34A-EB74-45C2-B56D-9B79A6214D64}.Release|Any CPU.Build.0 = Release|Any CPU
		{B30FE34A-EB74-45C2-B56D-9B79A6214D64}.Release|x64.ActiveCfg = Release|Any CPU
		{B30FE34A-EB74-45C2-B56D-9B79A6214D64}.Release|x64.Build.0 = Release|Any CPU
		{B30FE34A-EB74-45C2-B56D-9B79A6214D64}.Release|x86.ActiveCfg = Release|Any CPU
		{B30FE34A-EB74-45C2-B56D-9B79A6214D64}.Release|x86.Build.0 = Release|Any CPU
		{39741A4C-4179-4040-B3B9-454B65FE69B0}.Debug|Any CPU.ActiveCfg = Debug|Any CPU
		{39741A4C-4179-4040-B3B9-454B65FE69B0}.Debug|Any CPU.Build.0 = Debug|Any CPU
		{39741A4C-4179-4040-B3B9-454B65FE69B0}.Debug|x64.ActiveCfg = Debug|Any CPU
		{39741A4C-4179-4040-B3B9-454B65FE69B0}.Debug|x64.Build.0 = Debug|Any CPU
		{39741A4C-4179-4040-B3B9-454B65FE69B0}.Debug|x86.ActiveCfg = Debug|Any CPU
		{39741A4C-4179-4040-B3B9-454B65FE69B0}.Debug|x86.Build.0 = Debug|Any CPU
		{39741A4C-4179-4040-B3B9-454B65FE69B0}.Release|Any CPU.ActiveCfg = Release|Any CPU
		{39741A4C-4179-4040-B3B9-454B65FE69B0}.Release|Any CPU.Build.0 = Release|Any CPU
		{39741A4C-4179-4040-B3B9-454B65FE69B0}.Release|x64.ActiveCfg = Release|Any CPU
		{39741A4C-4179-4040-B3B9-454B65FE69B0}.Release|x64.Build.0 = Release|Any CPU
		{39741A4C-4179-4040-B3B9-454B65FE69B0}.Release|x86.ActiveCfg = Release|Any CPU
		{39741A4C-4179-4040-B3B9-454B65FE69B0}.Release|x86.Build.0 = Release|Any CPU
		{0A1E36E8-C911-4BFB-AEBC-3807661BE545}.Debug|Any CPU.ActiveCfg = Debug|Any CPU
		{0A1E36E8-C911-4BFB-AEBC-3807661BE545}.Debug|Any CPU.Build.0 = Debug|Any CPU
		{0A1E36E8-C911-4BFB-AEBC-3807661BE545}.Debug|x64.ActiveCfg = Debug|Any CPU
		{0A1E36E8-C911-4BFB-AEBC-3807661BE545}.Debug|x64.Build.0 = Debug|Any CPU
		{0A1E36E8-C911-4BFB-AEBC-3807661BE545}.Debug|x86.ActiveCfg = Debug|Any CPU
		{0A1E36E8-C911-4BFB-AEBC-3807661BE545}.Debug|x86.Build.0 = Debug|Any CPU
		{0A1E36E8-C911-4BFB-AEBC-3807661BE545}.Release|Any CPU.ActiveCfg = Release|Any CPU
		{0A1E36E8-C911-4BFB-AEBC-3807661BE545}.Release|Any CPU.Build.0 = Release|Any CPU
		{0A1E36E8-C911-4BFB-AEBC-3807661BE545}.Release|x64.ActiveCfg = Release|Any CPU
		{0A1E36E8-C911-4BFB-AEBC-3807661BE545}.Release|x64.Build.0 = Release|Any CPU
		{0A1E36E8-C911-4BFB-AEBC-3807661BE545}.Release|x86.ActiveCfg = Release|Any CPU
		{0A1E36E8-C911-4BFB-AEBC-3807661BE545}.Release|x86.Build.0 = Release|Any CPU
		{B0A7CA09-F994-49DE-87A5-07AEBEF55470}.Debug|Any CPU.ActiveCfg = Debug|Any CPU
		{B0A7CA09-F994-49DE-87A5-07AEBEF55470}.Debug|Any CPU.Build.0 = Debug|Any CPU
		{B0A7CA09-F994-49DE-87A5-07AEBEF55470}.Debug|x64.ActiveCfg = Debug|Any CPU
		{B0A7CA09-F994-49DE-87A5-07AEBEF55470}.Debug|x64.Build.0 = Debug|Any CPU
		{B0A7CA09-F994-49DE-87A5-07AEBEF55470}.Debug|x86.ActiveCfg = Debug|Any CPU
		{B0A7CA09-F994-49DE-87A5-07AEBEF55470}.Debug|x86.Build.0 = Debug|Any CPU
		{B0A7CA09-F994-49DE-87A5-07AEBEF55470}.Release|Any CPU.ActiveCfg = Release|Any CPU
		{B0A7CA09-F994-49DE-87A5-07AEBEF55470}.Release|Any CPU.Build.0 = Release|Any CPU
		{B0A7CA09-F994-49DE-87A5-07AEBEF55470}.Release|x64.ActiveCfg = Release|Any CPU
		{B0A7CA09-F994-49DE-87A5-07AEBEF55470}.Release|x64.Build.0 = Release|Any CPU
		{B0A7CA09-F994-49DE-87A5-07AEBEF55470}.Release|x86.ActiveCfg = Release|Any CPU
		{B0A7CA09-F994-49DE-87A5-07AEBEF55470}.Release|x86.Build.0 = Release|Any CPU
	EndGlobalSection
	GlobalSection(SolutionProperties) = preSolution
		HideSolutionNode = FALSE
	EndGlobalSection
	GlobalSection(NestedProjects) = preSolution
		{E83A0187-76F8-46DC-B9F0-89757148CC18} = {827E0CD3-B72D-47B6-A68D-7590B98EB39B}
		{DDA48FF1-94F3-4316-A322-45615424B28D} = {827E0CD3-B72D-47B6-A68D-7590B98EB39B}
		{0CAF4553-9278-4181-80B9-08F4CEE3CB3D} = {827E0CD3-B72D-47B6-A68D-7590B98EB39B}
		{A4BE4CA8-496C-4468-9458-C2A299C1F73E} = {827E0CD3-B72D-47B6-A68D-7590B98EB39B}
		{B30FE34A-EB74-45C2-B56D-9B79A6214D64} = {827E0CD3-B72D-47B6-A68D-7590B98EB39B}
		{39741A4C-4179-4040-B3B9-454B65FE69B0} = {827E0CD3-B72D-47B6-A68D-7590B98EB39B}
		{0A1E36E8-C911-4BFB-AEBC-3807661BE545} = {0AB3BF05-4346-4AA6-1389-037BE0695223}
		{B0A7CA09-F994-49DE-87A5-07AEBEF55470} = {0AB3BF05-4346-4AA6-1389-037BE0695223}
	EndGlobalSection
EndGlobal
